# THIS IS AN AUTOGENERATED FILE. DO NOT EDIT THIS FILE DIRECTLY.
# yarn lockfile v1


geolib@^3.0.4:
  version "3.0.4"
  resolved "https://registry.yarnpkg.com/geolib/-/geolib-3.0.4.tgz#63fd82cf4311f08cadc142aaa73a0941844266d1"
  integrity sha512-IpbpPdfuVdjj2T909H0Kj0Crp0he+xfFYX6e1Wlvo5L2OVkfnfvpTLp9k0VYuu5ObbWhQ/TI2VKNsrAokss5vA==
